
Microsoft Visual Studio Solution File, Format Version 12.00
# Visual Studio 14
VisualStudioVersion = 14.0.24720.0
MinimumVisualStudioVersion = 10.0.40219.1
Project("{2150E333-8FDC-42A3-9474-1A3956D46DE8}") = "src", "src", "{C0CC44A4-C69D-4079-B7E2-CF2D4256861A}"
EndProject
Project("{2150E333-8FDC-42A3-9474-1A3956D46DE8}") = "Solution Items", "Solution Items", "{22DB0F65-F543-41FF-9114-C8F95668910F}"
	ProjectSection(SolutionItems) = preProject
		global.json = global.json
	EndProjectSection
EndProject
Project("{8BB2217D-0F2D-49D1-97BC-3654ED321F3B}") = "StarterWeb1", "src\StarterWeb1\StarterWeb1.xproj", "{AA4BB3EC-547A-4F35-9670-75B7D58E39DC}"
EndProject
Global
	GlobalSection(SolutionConfigurationPlatforms) = preSolution
		Debug|Any CPU = Debug|Any CPU
		Release|Any CPU = Release|Any CPU
	EndGlobalSection
	GlobalSection(ProjectConfigurationPlatforms) = postSolution
		{AA4BB3EC-547A-4F35-9670-75B7D58E39DC}.Debug|Any CPU.ActiveCfg = Debug|Any CPU
		{AA4BB3EC-547A-4F35-9670-75B7D58E39DC}.Debug|Any CPU.Build.0 = Debug|Any CPU
		{AA4BB3EC-547A-4F35-9670-75B7D58E39DC}.Release|Any CPU.ActiveCfg = Release|Any CPU
		{AA4BB3EC-547A-4F35-9670-75B7D58E39DC}.Release|Any CPU.Build.0 = Release|Any CPU
	EndGlobalSection
	GlobalSection(SolutionProperties) = preSolution
		HideSolutionNode = FALSE
	EndGlobalSection
	GlobalSection(NestedProjects) = preSolution
		{AA4BB3EC-547A-4F35-9670-75B7D58E39DC} = {C0CC44A4-C69D-4079-B7E2-CF2D4256861A}
	EndGlobalSection
EndGlobal
