
Microsoft Visual Studio Solution File, Format Version 12.00
# Visual Studio 14
VisualStudioVersion = 14.0.25123.0
MinimumVisualStudioVersion = 10.0.40219.1
Project("{2150E333-8FDC-42A3-9474-1A3956D46DE8}") = "src", "src", "{9586FBB1-1EAF-417D-87C5-8870FC4A6F1A}"
EndProject
Project("{2150E333-8FDC-42A3-9474-1A3956D46DE8}") = "Solution Items", "Solution Items", "{85D5F6BE-5CB0-41F3-A552-39FCB2711298}"
	ProjectSection(SolutionItems) = preProject
		global.json = global.json
	EndProjectSection
EndProject
Project("{8BB2217D-0F2D-49D1-97BC-3654ED321F3B}") = "WebApiAppOnAspNetCoreNetFx1", "src\WebApiAppOnAspNetCoreNetFx1\WebApiAppOnAspNetCoreNetFx1.xproj", "{7241D949-0E9E-41FF-859D-A68CDCEB9631}"
EndProject
Project("{FAE04EC0-301F-11D3-BF4B-00C04F79EFBC}") = "ClassLibraryOnNetFx1", "ClassLibraryOnNetFx1\ClassLibraryOnNetFx1.csproj", "{BA2A263E-0767-49A6-9C20-DF8FDF456811}"
EndProject
Project("{FAE04EC0-301F-11D3-BF4B-00C04F79EFBC}") = "XplatPortableClassLibrary1", "XplatPortableClassLibrary1\XplatPortableClassLibrary1.csproj", "{FC60C72F-2E07-476E-B98B-E5998392C833}"
EndProject
Global
	GlobalSection(SolutionConfigurationPlatforms) = preSolution
		Debug|Any CPU = Debug|Any CPU
		Release|Any CPU = Release|Any CPU
	EndGlobalSection
	GlobalSection(ProjectConfigurationPlatforms) = postSolution
		{7241D949-0E9E-41FF-859D-A68CDCEB9631}.Debug|Any CPU.ActiveCfg = Debug|Any CPU
		{7241D949-0E9E-41FF-859D-A68CDCEB9631}.Debug|Any CPU.Build.0 = Debug|Any CPU
		{7241D949-0E9E-41FF-859D-A68CDCEB9631}.Release|Any CPU.ActiveCfg = Release|Any CPU
		{7241D949-0E9E-41FF-859D-A68CDCEB9631}.Release|Any CPU.Build.0 = Release|Any CPU
		{BA2A263E-0767-49A6-9C20-DF8FDF456811}.Debug|Any CPU.ActiveCfg = Debug|Any CPU
		{BA2A263E-0767-49A6-9C20-DF8FDF456811}.Debug|Any CPU.Build.0 = Debug|Any CPU
		{BA2A263E-0767-49A6-9C20-DF8FDF456811}.Release|Any CPU.ActiveCfg = Release|Any CPU
		{BA2A263E-0767-49A6-9C20-DF8FDF456811}.Release|Any CPU.Build.0 = Release|Any CPU
		{FC60C72F-2E07-476E-B98B-E5998392C833}.Debug|Any CPU.ActiveCfg = Debug|Any CPU
		{FC60C72F-2E07-476E-B98B-E5998392C833}.Debug|Any CPU.Build.0 = Debug|Any CPU
		{FC60C72F-2E07-476E-B98B-E5998392C833}.Release|Any CPU.ActiveCfg = Release|Any CPU
		{FC60C72F-2E07-476E-B98B-E5998392C833}.Release|Any CPU.Build.0 = Release|Any CPU
	EndGlobalSection
	GlobalSection(SolutionProperties) = preSolution
		HideSolutionNode = FALSE
	EndGlobalSection
	GlobalSection(NestedProjects) = preSolution
		{7241D949-0E9E-41FF-859D-A68CDCEB9631} = {9586FBB1-1EAF-417D-87C5-8870FC4A6F1A}
	EndGlobalSection
EndGlobal
