
Microsoft Visual Studio Solution File, Format Version 12.00
# Visual Studio 14
VisualStudioVersion = 14.0.23107.0
MinimumVisualStudioVersion = 10.0.40219.1
Project("{2150E333-8FDC-42A3-9474-1A3956D46DE8}") = "src", "src", "{DB83B32A-6E46-42F3-B2AE-32ACF9078634}"
EndProject
Project("{2150E333-8FDC-42A3-9474-1A3956D46DE8}") = "Solution Items", "Solution Items", "{F67D4FB7-9901-47A2-BC17-9DF082F40587}"
	ProjectSection(SolutionItems) = preProject
		global.json = global.json
		NuGet.Config = NuGet.Config
	EndProjectSection
EndProject
Project("{8BB2217D-0F2D-49D1-97BC-3654ED321F3B}") = "StarterWeb1", "src\StarterWeb1\StarterWeb1.xproj", "{8B236261-4AD5-48CE-8BE8-5AB602A4DFBC}"
EndProject
Global
	GlobalSection(SolutionConfigurationPlatforms) = preSolution
		Debug|Any CPU = Debug|Any CPU
		Release|Any CPU = Release|Any CPU
	EndGlobalSection
	GlobalSection(ProjectConfigurationPlatforms) = postSolution
		{8B236261-4AD5-48CE-8BE8-5AB602A4DFBC}.Debug|Any CPU.ActiveCfg = Debug|Any CPU
		{8B236261-4AD5-48CE-8BE8-5AB602A4DFBC}.Debug|Any CPU.Build.0 = Debug|Any CPU
		{8B236261-4AD5-48CE-8BE8-5AB602A4DFBC}.Release|Any CPU.ActiveCfg = Release|Any CPU
		{8B236261-4AD5-48CE-8BE8-5AB602A4DFBC}.Release|Any CPU.Build.0 = Release|Any CPU
	EndGlobalSection
	GlobalSection(SolutionProperties) = preSolution
		HideSolutionNode = FALSE
	EndGlobalSection
	GlobalSection(NestedProjects) = preSolution
		{8B236261-4AD5-48CE-8BE8-5AB602A4DFBC} = {DB83B32A-6E46-42F3-B2AE-32ACF9078634}
	EndGlobalSection
EndGlobal
