
Microsoft Visual Studio Solution File, Format Version 12.00
# Visual Studio 14
VisualStudioVersion = 14.0.25420.1
MinimumVisualStudioVersion = 10.0.40219.1
Project("{2150E333-8FDC-42A3-9474-1A3956D46DE8}") = "src", "src", "{AC630F93-1C86-4CEE-8B7E-181E7A747CCF}"
EndProject
Project("{2150E333-8FDC-42A3-9474-1A3956D46DE8}") = "Solution Items", "Solution Items", "{95DA238D-D25D-4F9A-84B2-B7FA3E8A0A92}"
	ProjectSection(SolutionItems) = preProject
		global.json = global.json
	EndProjectSection
EndProject
Project("{8BB2217D-0F2D-49D1-97BC-3654ED321F3B}") = "AspNetCoreWeb_OnNet452_Empty_1", "src\AspNetCoreWeb_OnNet452_Empty_1\AspNetCoreWeb_OnNet452_Empty_1.xproj", "{0BF62CDC-957C-4247-B889-F8B5105E7373}"
EndProject
Global
	GlobalSection(SolutionConfigurationPlatforms) = preSolution
		Debug|Any CPU = Debug|Any CPU
		Release|Any CPU = Release|Any CPU
	EndGlobalSection
	GlobalSection(ProjectConfigurationPlatforms) = postSolution
		{0BF62CDC-957C-4247-B889-F8B5105E7373}.Debug|Any CPU.ActiveCfg = Debug|Any CPU
		{0BF62CDC-957C-4247-B889-F8B5105E7373}.Debug|Any CPU.Build.0 = Debug|Any CPU
		{0BF62CDC-957C-4247-B889-F8B5105E7373}.Release|Any CPU.ActiveCfg = Release|Any CPU
		{0BF62CDC-957C-4247-B889-F8B5105E7373}.Release|Any CPU.Build.0 = Release|Any CPU
	EndGlobalSection
	GlobalSection(SolutionProperties) = preSolution
		HideSolutionNode = FALSE
	EndGlobalSection
	GlobalSection(NestedProjects) = preSolution
		{0BF62CDC-957C-4247-B889-F8B5105E7373} = {AC630F93-1C86-4CEE-8B7E-181E7A747CCF}
	EndGlobalSection
EndGlobal
